<?xml version="1.0" encoding="utf-8"?>
<Project ToolsVersion="4.0" xmlns="http://schemas.microsoft.com/developer/msbuild/2003">
  <ItemGroup>
    <ClInclude Include="Vector3.h" />
    <ClInclude Include="rgb.h" />
    <ClInclude Include="Vector2.h" />
    <ClInclude Include="Image.h" />
    <ClInclude Include="Shape.h" />
    <ClInclude Include="Camera.h" />
    <ClInclude Include="Ray.h" />
    <ClInclude Include="Common.h" />
    <ClInclude Include="Matrix.h" />
    <ClInclude Include="Texture.h" />
    <ClInclude Include="Sphere.h" />
    <ClInclude Include="ConstantColorTexture.h" />
    <ClInclude Include="Cylinder.h" />
    <ClInclude Include="Polygon.h" />
    <ClInclude Include="PolygonalPatch.h" />
    <ClInclude Include="Triangle.h" />
    <ClInclude Include="TrianglePatch.h" />
    <ClInclude Include="Mesh.h" />
    <ClInclude Include="MeshTriangle.h" />
    <ClInclude Include="Engine.h" />
    <ClInclude Include="Material.h" />
    <ClInclude Include="Light.h" />
    <ClInclude Include="ImageTexture.h" />
  </ItemGroup>
  <ItemGroup>
    <ClCompile Include="Image.cpp" />
    <ClCompile Include="Engine.cpp" />
  </ItemGroup>
</Project>